
Microsoft Visual Studio Solution File, Format Version 12.00
# Visual Studio Version 16
VisualStudioVersion = 16.0.32802.440
MinimumVisualStudioVersion = 10.0.40219.1
Project("{FAE04EC0-301F-11D3-BF4B-00C04F79EFBC}") = "cakezilla_crud", "cakezilla_crud\cakezilla_crud.csproj", "{020BC74E-0732-48E4-A89A-7B72679BA7BF}"
EndProject
Global
	GlobalSection(SolutionConfigurationPlatforms) = preSolution
		Debug|Any CPU = Debug|Any CPU
		Release|Any CPU = Release|Any CPU
	EndGlobalSection
	GlobalSection(ProjectConfigurationPlatforms) = postSolution
		{020BC74E-0732-48E4-A89A-7B72679BA7BF}.Debug|Any CPU.ActiveCfg = Debug|Any CPU
		{020BC74E-0732-48E4-A89A-7B72679BA7BF}.Debug|Any CPU.Build.0 = Debug|Any CPU
		{020BC74E-0732-48E4-A89A-7B72679BA7BF}.Release|Any CPU.ActiveCfg = Release|Any CPU
		{020BC74E-0732-48E4-A89A-7B72679BA7BF}.Release|Any CPU.Build.0 = Release|Any CPU
	EndGlobalSection
	GlobalSection(SolutionProperties) = preSolution
		HideSolutionNode = FALSE
	EndGlobalSection
	GlobalSection(ExtensibilityGlobals) = postSolution
		SolutionGuid = {42ADCE17-5B45-4207-A016-1FDECE7809C0}
	EndGlobalSection
EndGlobal
